<?xml version="1.0" encoding="utf-8"?>
<Project ToolsVersion="4.0" xmlns="http://schemas.microsoft.com/developer/msbuild/2003">
  <ItemGroup>
    <Filter Include="src" />
    <Filter Include="src\ciphers" />
    <Filter Include="src\ciphers\aes" />
    <Filter Include="src\ciphers\safer" />
    <Filter Include="src\ciphers\twofish" />
    <Filter Include="src\encauth" />
    <Filter Include="src\encauth\ccm" />
    <Filter Include="src\encauth\chachapoly" />
    <Filter Include="src\encauth\eax" />
    <Filter Include="src\encauth\gcm" />
    <Filter Include="src\encauth\ocb" />
    <Filter Include="src\encauth\ocb3" />
    <Filter Include="src\encauth\siv" />
    <Filter Include="src\hashes" />
    <Filter Include="src\hashes\chc" />
    <Filter Include="src\hashes\helper" />
    <Filter Include="src\hashes\sha2" />
    <Filter Include="src\hashes\whirl" />
    <Filter Include="src\headers" />
    <Filter Include="src\mac" />
    <Filter Include="src\mac\blake2" />
    <Filter Include="src\mac\f9" />
    <Filter Include="src\mac\hmac" />
    <Filter Include="src\mac\omac" />
    <Filter Include="src\mac\pelican" />
    <Filter Include="src\mac\pmac" />
    <Filter Include="src\mac\poly1305" />
    <Filter Include="src\mac\xcbc" />
    <Filter Include="src\math" />
    <Filter Include="src\math\fp" />
    <Filter Include="src\misc" />
    <Filter Include="src\misc\argon2" />
    <Filter Include="src\misc\base16" />
    <Filter Include="src\misc\base32" />
    <Filter Include="src\misc\base64" />
    <Filter Include="src\misc\bcrypt" />
    <Filter Include="src\misc\crypt" />
    <Filter Include="src\misc\hkdf" />
    <Filter Include="src\misc\padding" />
    <Filter Include="src\misc\pbes" />
    <Filter Include="src\misc\pem" />
    <Filter Include="src\misc\pkcs12" />
    <Filter Include="src\misc\pkcs5" />
    <Filter Include="src\misc\scrypt" />
    <Filter Include="src\misc\ssh" />
    <Filter Include="src\modes" />
    <Filter Include="src\modes\cbc" />
    <Filter Include="src\modes\cfb" />
    <Filter Include="src\modes\ctr" />
    <Filter Include="src\modes\ecb" />
    <Filter Include="src\modes\f8" />
    <Filter Include="src\modes\lrw" />
    <Filter Include="src\modes\ofb" />
    <Filter Include="src\modes\xts" />
    <Filter Include="src\pk" />
    <Filter Include="src\pk\asn1" />
    <Filter Include="src\pk\asn1\der" />
    <Filter Include="src\pk\asn1\der\bit" />
    <Filter Include="src\pk\asn1\der\boolean" />
    <Filter Include="src\pk\asn1\der\choice" />
    <Filter Include="src\pk\asn1\der\custom_type" />
    <Filter Include="src\pk\asn1\der\general" />
    <Filter Include="src\pk\asn1\der\generalizedtime" />
    <Filter Include="src\pk\asn1\der\ia5" />
    <Filter Include="src\pk\asn1\der\integer" />
    <Filter Include="src\pk\asn1\der\object_identifier" />
    <Filter Include="src\pk\asn1\der\octet" />
    <Filter Include="src\pk\asn1\der\printable_string" />
    <Filter Include="src\pk\asn1\der\sequence" />
    <Filter Include="src\pk\asn1\der\set" />
    <Filter Include="src\pk\asn1\der\short_integer" />
    <Filter Include="src\pk\asn1\der\teletex_string" />
    <Filter Include="src\pk\asn1\der\utctime" />
    <Filter Include="src\pk\asn1\der\utf8" />
    <Filter Include="src\pk\asn1\oid" />
    <Filter Include="src\pk\asn1\pkcs8" />
    <Filter Include="src\pk\asn1\x509" />
    <Filter Include="src\pk\dh" />
    <Filter Include="src\pk\dsa" />
    <Filter Include="src\pk\ec25519" />
    <Filter Include="src\pk\ecc" />
    <Filter Include="src\pk\ed25519" />
    <Filter Include="src\pk\pkcs1" />
    <Filter Include="src\pk\rsa" />
    <Filter Include="src\pk\x25519" />
    <Filter Include="src\prngs" />
    <Filter Include="src\stream" />
    <Filter Include="src\stream\chacha" />
    <Filter Include="src\stream\rabbit" />
    <Filter Include="src\stream\rc4" />
    <Filter Include="src\stream\salsa20" />
    <Filter Include="src\stream\sober128" />
    <Filter Include="src\stream\sosemanuk" />
  </ItemGroup>
  <ItemGroup>
    <ClCompile Include="..\..\src\ciphers\anubis.c"><Filter>src\ciphers</Filter></ClCompile>
    <ClCompile Include="..\..\src\ciphers\blowfish.c"><Filter>src\ciphers</Filter></ClCompile>
    <ClCompile Include="..\..\src\ciphers\camellia.c"><Filter>src\ciphers</Filter></ClCompile>
    <ClCompile Include="..\..\src\ciphers\cast5.c"><Filter>src\ciphers</Filter></ClCompile>
    <ClCompile Include="..\..\src\ciphers\des.c"><Filter>src\ciphers</Filter></ClCompile>
    <ClCompile Include="..\..\src\ciphers\idea.c"><Filter>src\ciphers</Filter></ClCompile>
    <ClCompile Include="..\..\src\ciphers\kasumi.c"><Filter>src\ciphers</Filter></ClCompile>
    <ClCompile Include="..\..\src\ciphers\khazad.c"><Filter>src\ciphers</Filter></ClCompile>
    <ClCompile Include="..\..\src\ciphers\kseed.c"><Filter>src\ciphers</Filter></ClCompile>
    <ClCompile Include="..\..\src\ciphers\multi2.c"><Filter>src\ciphers</Filter></ClCompile>
    <ClCompile Include="..\..\src\ciphers\noekeon.c"><Filter>src\ciphers</Filter></ClCompile>
    <ClCompile Include="..\..\src\ciphers\rc2.c"><Filter>src\ciphers</Filter></ClCompile>
    <ClCompile Include="..\..\src\ciphers\rc5.c"><Filter>src\ciphers</Filter></ClCompile>
    <ClCompile Include="..\..\src\ciphers\rc6.c"><Filter>src\ciphers</Filter></ClCompile>
    <ClCompile Include="..\..\src\ciphers\serpent.c"><Filter>src\ciphers</Filter></ClCompile>
    <ClCompile Include="..\..\src\ciphers\skipjack.c"><Filter>src\ciphers</Filter></ClCompile>
    <ClCompile Include="..\..\src\ciphers\sm4.c"><Filter>src\ciphers</Filter></ClCompile>
    <ClCompile Include="..\..\src\ciphers\tea.c"><Filter>src\ciphers</Filter></ClCompile>
    <ClCompile Include="..\..\src\ciphers\xtea.c"><Filter>src\ciphers</Filter></ClCompile>
    <ClCompile Include="..\..\src\ciphers\aes\aes.c"><Filter>src\ciphers\aes</Filter></ClCompile>
    <ClCompile Include="..\..\src\ciphers\aes\aes_desc.c"><Filter>src\ciphers\aes</Filter></ClCompile>
    <ClCompile Include="..\..\src\ciphers\aes\aes_tab.c"><Filter>src\ciphers\aes</Filter></ClCompile>
    <ClCompile Include="..\..\src\ciphers\aes\aesni.c"><Filter>src\ciphers\aes</Filter></ClCompile>
    <ClCompile Include="..\..\src\ciphers\safer\safer.c"><Filter>src\ciphers\safer</Filter></ClCompile>
    <ClCompile Include="..\..\src\ciphers\safer\safer_tab.c"><Filter>src\ciphers\safer</Filter></ClCompile>
    <ClCompile Include="..\..\src\ciphers\safer\saferp.c"><Filter>src\ciphers\safer</Filter></ClCompile>
    <ClCompile Include="..\..\src\ciphers\twofish\twofish.c"><Filter>src\ciphers\twofish</Filter></ClCompile>
    <ClCompile Include="..\..\src\ciphers\twofish\twofish_tab.c"><Filter>src\ciphers\twofish</Filter></ClCompile>
    <ClCompile Include="..\..\src\encauth\ccm\ccm_add_aad.c"><Filter>src\encauth\ccm</Filter></ClCompile>
    <ClCompile Include="..\..\src\encauth\ccm\ccm_add_nonce.c"><Filter>src\encauth\ccm</Filter></ClCompile>
    <ClCompile Include="..\..\src\encauth\ccm\ccm_done.c"><Filter>src\encauth\ccm</Filter></ClCompile>
    <ClCompile Include="..\..\src\encauth\ccm\ccm_init.c"><Filter>src\encauth\ccm</Filter></ClCompile>
    <ClCompile Include="..\..\src\encauth\ccm\ccm_memory.c"><Filter>src\encauth\ccm</Filter></ClCompile>
    <ClCompile Include="..\..\src\encauth\ccm\ccm_process.c"><Filter>src\encauth\ccm</Filter></ClCompile>
    <ClCompile Include="..\..\src\encauth\ccm\ccm_reset.c"><Filter>src\encauth\ccm</Filter></ClCompile>
    <ClCompile Include="..\..\src\encauth\ccm\ccm_test.c"><Filter>src\encauth\ccm</Filter></ClCompile>
    <ClCompile Include="..\..\src\encauth\chachapoly\chacha20poly1305_add_aad.c"><Filter>src\encauth\chachapoly</Filter></ClCompile>
    <ClCompile Include="..\..\src\encauth\chachapoly\chacha20poly1305_decrypt.c"><Filter>src\encauth\chachapoly</Filter></ClCompile>
    <ClCompile Include="..\..\src\encauth\chachapoly\chacha20poly1305_done.c"><Filter>src\encauth\chachapoly</Filter></ClCompile>
    <ClCompile Include="..\..\src\encauth\chachapoly\chacha20poly1305_encrypt.c"><Filter>src\encauth\chachapoly</Filter></ClCompile>
    <ClCompile Include="..\..\src\encauth\chachapoly\chacha20poly1305_init.c"><Filter>src\encauth\chachapoly</Filter></ClCompile>
    <ClCompile Include="..\..\src\encauth\chachapoly\chacha20poly1305_memory.c"><Filter>src\encauth\chachapoly</Filter></ClCompile>
    <ClCompile Include="..\..\src\encauth\chachapoly\chacha20poly1305_setiv.c"><Filter>src\encauth\chachapoly</Filter></ClCompile>
    <ClCompile Include="..\..\src\encauth\chachapoly\chacha20poly1305_setiv_rfc7905.c"><Filter>src\encauth\chachapoly</Filter></ClCompile>
    <ClCompile Include="..\..\src\encauth\chachapoly\chacha20poly1305_test.c"><Filter>src\encauth\chachapoly</Filter></ClCompile>
    <ClCompile Include="..\..\src\encauth\eax\eax_addheader.c"><Filter>src\encauth\eax</Filter></ClCompile>
    <ClCompile Include="..\..\src\encauth\eax\eax_decrypt.c"><Filter>src\encauth\eax</Filter></ClCompile>
    <ClCompile Include="..\..\src\encauth\eax\eax_decrypt_verify_memory.c"><Filter>src\encauth\eax</Filter></ClCompile>
    <ClCompile Include="..\..\src\encauth\eax\eax_done.c"><Filter>src\encauth\eax</Filter></ClCompile>
    <ClCompile Include="..\..\src\encauth\eax\eax_encrypt.c"><Filter>src\encauth\eax</Filter></ClCompile>
    <ClCompile Include="..\..\src\encauth\eax\eax_encrypt_authenticate_memory.c"><Filter>src\encauth\eax</Filter></ClCompile>
    <ClCompile Include="..\..\src\encauth\eax\eax_init.c"><Filter>src\encauth\eax</Filter></ClCompile>
    <ClCompile Include="..\..\src\encauth\eax\eax_test.c"><Filter>src\encauth\eax</Filter></ClCompile>
    <ClCompile Include="..\..\src\encauth\gcm\gcm_add_aad.c"><Filter>src\encauth\gcm</Filter></ClCompile>
    <ClCompile Include="..\..\src\encauth\gcm\gcm_add_iv.c"><Filter>src\encauth\gcm</Filter></ClCompile>
    <ClCompile Include="..\..\src\encauth\gcm\gcm_done.c"><Filter>src\encauth\gcm</Filter></ClCompile>
    <ClCompile Include="..\..\src\encauth\gcm\gcm_gf_mult.c"><Filter>src\encauth\gcm</Filter></ClCompile>
    <ClCompile Include="..\..\src\encauth\gcm\gcm_init.c"><Filter>src\encauth\gcm</Filter></ClCompile>
    <ClCompile Include="..\..\src\encauth\gcm\gcm_memory.c"><Filter>src\encauth\gcm</Filter></ClCompile>
    <ClCompile Include="..\..\src\encauth\gcm\gcm_mult_h.c"><Filter>src\encauth\gcm</Filter></ClCompile>
    <ClCompile Include="..\..\src\encauth\gcm\gcm_process.c"><Filter>src\encauth\gcm</Filter></ClCompile>
    <ClCompile Include="..\..\src\encauth\gcm\gcm_reset.c"><Filter>src\encauth\gcm</Filter></ClCompile>
    <ClCompile Include="..\..\src\encauth\gcm\gcm_test.c"><Filter>src\encauth\gcm</Filter></ClCompile>
    <ClCompile Include="..\..\src\encauth\ocb3\ocb3_add_aad.c"><Filter>src\encauth\ocb3</Filter></ClCompile>
    <ClCompile Include="..\..\src\encauth\ocb3\ocb3_decrypt.c"><Filter>src\encauth\ocb3</Filter></ClCompile>
    <ClCompile Include="..\..\src\encauth\ocb3\ocb3_decrypt_last.c"><Filter>src\encauth\ocb3</Filter></ClCompile>
    <ClCompile Include="..\..\src\encauth\ocb3\ocb3_decrypt_verify_memory.c"><Filter>src\encauth\ocb3</Filter></ClCompile>
    <ClCompile Include="..\..\src\encauth\ocb3\ocb3_done.c"><Filter>src\encauth\ocb3</Filter></ClCompile>
    <ClCompile Include="..\..\src\encauth\ocb3\ocb3_encrypt.c"><Filter>src\encauth\ocb3</Filter></ClCompile>
    <ClCompile Include="..\..\src\encauth\ocb3\ocb3_encrypt_authenticate_memory.c"><Filter>src\encauth\ocb3</Filter></ClCompile>
    <ClCompile Include="..\..\src\encauth\ocb3\ocb3_encrypt_last.c"><Filter>src\encauth\ocb3</Filter></ClCompile>
    <ClCompile Include="..\..\src\encauth\ocb3\ocb3_init.c"><Filter>src\encauth\ocb3</Filter></ClCompile>
    <ClCompile Include="..\..\src\encauth\ocb3\ocb3_int_ntz.c"><Filter>src\encauth\ocb3</Filter></ClCompile>
    <ClCompile Include="..\..\src\encauth\ocb3\ocb3_int_xor_blocks.c"><Filter>src\encauth\ocb3</Filter></ClCompile>
    <ClCompile Include="..\..\src\encauth\ocb3\ocb3_test.c"><Filter>src\encauth\ocb3</Filter></ClCompile>
    <ClCompile Include="..\..\src\encauth\ocb\ocb_decrypt.c"><Filter>src\encauth\ocb</Filter></ClCompile>
    <ClCompile Include="..\..\src\encauth\ocb\ocb_decrypt_verify_memory.c"><Filter>src\encauth\ocb</Filter></ClCompile>
    <ClCompile Include="..\..\src\encauth\ocb\ocb_done_decrypt.c"><Filter>src\encauth\ocb</Filter></ClCompile>
    <ClCompile Include="..\..\src\encauth\ocb\ocb_done_encrypt.c"><Filter>src\encauth\ocb</Filter></ClCompile>
    <ClCompile Include="..\..\src\encauth\ocb\ocb_encrypt.c"><Filter>src\encauth\ocb</Filter></ClCompile>
    <ClCompile Include="..\..\src\encauth\ocb\ocb_encrypt_authenticate_memory.c"><Filter>src\encauth\ocb</Filter></ClCompile>
    <ClCompile Include="..\..\src\encauth\ocb\ocb_init.c"><Filter>src\encauth\ocb</Filter></ClCompile>
    <ClCompile Include="..\..\src\encauth\ocb\ocb_ntz.c"><Filter>src\encauth\ocb</Filter></ClCompile>
    <ClCompile Include="..\..\src\encauth\ocb\ocb_shift_xor.c"><Filter>src\encauth\ocb</Filter></ClCompile>
    <ClCompile Include="..\..\src\encauth\ocb\ocb_test.c"><Filter>src\encauth\ocb</Filter></ClCompile>
    <ClCompile Include="..\..\src\encauth\ocb\s_ocb_done.c"><Filter>src\encauth\ocb</Filter></ClCompile>
    <ClCompile Include="..\..\src\encauth\siv\siv.c"><Filter>src\encauth\siv</Filter></ClCompile>
    <ClCompile Include="..\..\src\hashes\blake2b.c"><Filter>src\hashes</Filter></ClCompile>
    <ClCompile Include="..\..\src\hashes\blake2s.c"><Filter>src\hashes</Filter></ClCompile>
    <ClCompile Include="..\..\src\hashes\md2.c"><Filter>src\hashes</Filter></ClCompile>
    <ClCompile Include="..\..\src\hashes\md4.c"><Filter>src\hashes</Filter></ClCompile>
    <ClCompile Include="..\..\src\hashes\md5.c"><Filter>src\hashes</Filter></ClCompile>
    <ClCompile Include="..\..\src\hashes\rmd128.c"><Filter>src\hashes</Filter></ClCompile>
    <ClCompile Include="..\..\src\hashes\rmd160.c"><Filter>src\hashes</Filter></ClCompile>
    <ClCompile Include="..\..\src\hashes\rmd256.c"><Filter>src\hashes</Filter></ClCompile>
    <ClCompile Include="..\..\src\hashes\rmd320.c"><Filter>src\hashes</Filter></ClCompile>
    <ClCompile Include="..\..\src\hashes\sha1.c"><Filter>src\hashes</Filter></ClCompile>
    <ClCompile Include="..\..\src\hashes\sha1_desc.c"><Filter>src\hashes</Filter></ClCompile>
    <ClCompile Include="..\..\src\hashes\sha1_x86.c"><Filter>src\hashes</Filter></ClCompile>
    <ClCompile Include="..\..\src\hashes\sha3.c"><Filter>src\hashes</Filter></ClCompile>
    <ClCompile Include="..\..\src\hashes\sha3_test.c"><Filter>src\hashes</Filter></ClCompile>
    <ClCompile Include="..\..\src\hashes\tiger.c"><Filter>src\hashes</Filter></ClCompile>
    <ClCompile Include="..\..\src\hashes\chc\chc.c"><Filter>src\hashes\chc</Filter></ClCompile>
    <ClCompile Include="..\..\src\hashes\helper\hash_file.c"><Filter>src\hashes\helper</Filter></ClCompile>
    <ClCompile Include="..\..\src\hashes\helper\hash_filehandle.c"><Filter>src\hashes\helper</Filter></ClCompile>
    <ClCompile Include="..\..\src\hashes\helper\hash_memory.c"><Filter>src\hashes\helper</Filter></ClCompile>
    <ClCompile Include="..\..\src\hashes\helper\hash_memory_multi.c"><Filter>src\hashes\helper</Filter></ClCompile>
    <ClCompile Include="..\..\src\hashes\sha2\sha224.c"><Filter>src\hashes\sha2</Filter></ClCompile>
    <ClCompile Include="..\..\src\hashes\sha2\sha224_desc.c"><Filter>src\hashes\sha2</Filter></ClCompile>
    <ClCompile Include="..\..\src\hashes\sha2\sha224_x86.c"><Filter>src\hashes\sha2</Filter></ClCompile>
    <ClCompile Include="..\..\src\hashes\sha2\sha256.c"><Filter>src\hashes\sha2</Filter></ClCompile>
    <ClCompile Include="..\..\src\hashes\sha2\sha256_desc.c"><Filter>src\hashes\sha2</Filter></ClCompile>
    <ClCompile Include="..\..\src\hashes\sha2\sha256_x86.c"><Filter>src\hashes\sha2</Filter></ClCompile>
    <ClCompile Include="..\..\src\hashes\sha2\sha384.c"><Filter>src\hashes\sha2</Filter></ClCompile>
    <ClCompile Include="..\..\src\hashes\sha2\sha512.c"><Filter>src\hashes\sha2</Filter></ClCompile>
    <ClCompile Include="..\..\src\hashes\sha2\sha512_224.c"><Filter>src\hashes\sha2</Filter></ClCompile>
    <ClCompile Include="..\..\src\hashes\sha2\sha512_256.c"><Filter>src\hashes\sha2</Filter></ClCompile>
    <ClCompile Include="..\..\src\hashes\whirl\whirl.c"><Filter>src\hashes\whirl</Filter></ClCompile>
    <ClCompile Include="..\..\src\hashes\whirl\whirltab.c"><Filter>src\hashes\whirl</Filter></ClCompile>
    <ClInclude Include="..\..\src\headers\tomcrypt.h"><Filter>src\headers</Filter></ClInclude>
    <ClInclude Include="..\..\src\headers\tomcrypt_argchk.h"><Filter>src\headers</Filter></ClInclude>
    <ClInclude Include="..\..\src\headers\tomcrypt_cfg.h"><Filter>src\headers</Filter></ClInclude>
    <ClInclude Include="..\..\src\headers\tomcrypt_cipher.h"><Filter>src\headers</Filter></ClInclude>
    <ClInclude Include="..\..\src\headers\tomcrypt_custom.h"><Filter>src\headers</Filter></ClInclude>
    <ClInclude Include="..\..\src\headers\tomcrypt_hash.h"><Filter>src\headers</Filter></ClInclude>
    <ClInclude Include="..\..\src\headers\tomcrypt_mac.h"><Filter>src\headers</Filter></ClInclude>
    <ClInclude Include="..\..\src\headers\tomcrypt_macros.h"><Filter>src\headers</Filter></ClInclude>
    <ClInclude Include="..\..\src\headers\tomcrypt_math.h"><Filter>src\headers</Filter></ClInclude>
    <ClInclude Include="..\..\src\headers\tomcrypt_misc.h"><Filter>src\headers</Filter></ClInclude>
    <ClInclude Include="..\..\src\headers\tomcrypt_pk.h"><Filter>src\headers</Filter></ClInclude>
    <ClInclude Include="..\..\src\headers\tomcrypt_pkcs.h"><Filter>src\headers</Filter></ClInclude>
    <ClInclude Include="..\..\src\headers\tomcrypt_private.h"><Filter>src\headers</Filter></ClInclude>
    <ClInclude Include="..\..\src\headers\tomcrypt_prng.h"><Filter>src\headers</Filter></ClInclude>
    <ClCompile Include="..\..\src\mac\blake2\blake2bmac.c"><Filter>src\mac\blake2</Filter></ClCompile>
    <ClCompile Include="..\..\src\mac\blake2\blake2bmac_file.c"><Filter>src\mac\blake2</Filter></ClCompile>
    <ClCompile Include="..\..\src\mac\blake2\blake2bmac_memory.c"><Filter>src\mac\blake2</Filter></ClCompile>
    <ClCompile Include="..\..\src\mac\blake2\blake2bmac_memory_multi.c"><Filter>src\mac\blake2</Filter></ClCompile>
    <ClCompile Include="..\..\src\mac\blake2\blake2bmac_test.c"><Filter>src\mac\blake2</Filter></ClCompile>
    <ClCompile Include="..\..\src\mac\blake2\blake2smac.c"><Filter>src\mac\blake2</Filter></ClCompile>
    <ClCompile Include="..\..\src\mac\blake2\blake2smac_file.c"><Filter>src\mac\blake2</Filter></ClCompile>
    <ClCompile Include="..\..\src\mac\blake2\blake2smac_memory.c"><Filter>src\mac\blake2</Filter></ClCompile>
    <ClCompile Include="..\..\src\mac\blake2\blake2smac_memory_multi.c"><Filter>src\mac\blake2</Filter></ClCompile>
    <ClCompile Include="..\..\src\mac\blake2\blake2smac_test.c"><Filter>src\mac\blake2</Filter></ClCompile>
    <ClCompile Include="..\..\src\mac\f9\f9_done.c"><Filter>src\mac\f9</Filter></ClCompile>
    <ClCompile Include="..\..\src\mac\f9\f9_file.c"><Filter>src\mac\f9</Filter></ClCompile>
    <ClCompile Include="..\..\src\mac\f9\f9_init.c"><Filter>src\mac\f9</Filter></ClCompile>
    <ClCompile Include="..\..\src\mac\f9\f9_memory.c"><Filter>src\mac\f9</Filter></ClCompile>
    <ClCompile Include="..\..\src\mac\f9\f9_memory_multi.c"><Filter>src\mac\f9</Filter></ClCompile>
    <ClCompile Include="..\..\src\mac\f9\f9_process.c"><Filter>src\mac\f9</Filter></ClCompile>
    <ClCompile Include="..\..\src\mac\f9\f9_test.c"><Filter>src\mac\f9</Filter></ClCompile>
    <ClCompile Include="..\..\src\mac\hmac\hmac_done.c"><Filter>src\mac\hmac</Filter></ClCompile>
    <ClCompile Include="..\..\src\mac\hmac\hmac_file.c"><Filter>src\mac\hmac</Filter></ClCompile>
    <ClCompile Include="..\..\src\mac\hmac\hmac_init.c"><Filter>src\mac\hmac</Filter></ClCompile>
    <ClCompile Include="..\..\src\mac\hmac\hmac_memory.c"><Filter>src\mac\hmac</Filter></ClCompile>
    <ClCompile Include="..\..\src\mac\hmac\hmac_memory_multi.c"><Filter>src\mac\hmac</Filter></ClCompile>
    <ClCompile Include="..\..\src\mac\hmac\hmac_process.c"><Filter>src\mac\hmac</Filter></ClCompile>
    <ClCompile Include="..\..\src\mac\hmac\hmac_test.c"><Filter>src\mac\hmac</Filter></ClCompile>
    <ClCompile Include="..\..\src\mac\omac\omac_done.c"><Filter>src\mac\omac</Filter></ClCompile>
    <ClCompile Include="..\..\src\mac\omac\omac_file.c"><Filter>src\mac\omac</Filter></ClCompile>
    <ClCompile Include="..\..\src\mac\omac\omac_init.c"><Filter>src\mac\omac</Filter></ClCompile>
    <ClCompile Include="..\..\src\mac\omac\omac_memory.c"><Filter>src\mac\omac</Filter></ClCompile>
    <ClCompile Include="..\..\src\mac\omac\omac_memory_multi.c"><Filter>src\mac\omac</Filter></ClCompile>
    <ClCompile Include="..\..\src\mac\omac\omac_process.c"><Filter>src\mac\omac</Filter></ClCompile>
    <ClCompile Include="..\..\src\mac\omac\omac_test.c"><Filter>src\mac\omac</Filter></ClCompile>
    <ClCompile Include="..\..\src\mac\pelican\pelican.c"><Filter>src\mac\pelican</Filter></ClCompile>
    <ClCompile Include="..\..\src\mac\pelican\pelican_memory.c"><Filter>src\mac\pelican</Filter></ClCompile>
    <ClCompile Include="..\..\src\mac\pelican\pelican_test.c"><Filter>src\mac\pelican</Filter></ClCompile>
    <ClCompile Include="..\..\src\mac\pmac\pmac_done.c"><Filter>src\mac\pmac</Filter></ClCompile>
    <ClCompile Include="..\..\src\mac\pmac\pmac_file.c"><Filter>src\mac\pmac</Filter></ClCompile>
    <ClCompile Include="..\..\src\mac\pmac\pmac_init.c"><Filter>src\mac\pmac</Filter></ClCompile>
    <ClCompile Include="..\..\src\mac\pmac\pmac_memory.c"><Filter>src\mac\pmac</Filter></ClCompile>
    <ClCompile Include="..\..\src\mac\pmac\pmac_memory_multi.c"><Filter>src\mac\pmac</Filter></ClCompile>
    <ClCompile Include="..\..\src\mac\pmac\pmac_ntz.c"><Filter>src\mac\pmac</Filter></ClCompile>
    <ClCompile Include="..\..\src\mac\pmac\pmac_process.c"><Filter>src\mac\pmac</Filter></ClCompile>
    <ClCompile Include="..\..\src\mac\pmac\pmac_shift_xor.c"><Filter>src\mac\pmac</Filter></ClCompile>
    <ClCompile Include="..\..\src\mac\pmac\pmac_test.c"><Filter>src\mac\pmac</Filter></ClCompile>
    <ClCompile Include="..\..\src\mac\poly1305\poly1305.c"><Filter>src\mac\poly1305</Filter></ClCompile>
    <ClCompile Include="..\..\src\mac\poly1305\poly1305_file.c"><Filter>src\mac\poly1305</Filter></ClCompile>
    <ClCompile Include="..\..\src\mac\poly1305\poly1305_memory.c"><Filter>src\mac\poly1305</Filter></ClCompile>
    <ClCompile Include="..\..\src\mac\poly1305\poly1305_memory_multi.c"><Filter>src\mac\poly1305</Filter></ClCompile>
    <ClCompile Include="..\..\src\mac\poly1305\poly1305_test.c"><Filter>src\mac\poly1305</Filter></ClCompile>
    <ClCompile Include="..\..\src\mac\xcbc\xcbc_done.c"><Filter>src\mac\xcbc</Filter></ClCompile>
    <ClCompile Include="..\..\src\mac\xcbc\xcbc_file.c"><Filter>src\mac\xcbc</Filter></ClCompile>
    <ClCompile Include="..\..\src\mac\xcbc\xcbc_init.c"><Filter>src\mac\xcbc</Filter></ClCompile>
    <ClCompile Include="..\..\src\mac\xcbc\xcbc_memory.c"><Filter>src\mac\xcbc</Filter></ClCompile>
    <ClCompile Include="..\..\src\mac\xcbc\xcbc_memory_multi.c"><Filter>src\mac\xcbc</Filter></ClCompile>
    <ClCompile Include="..\..\src\mac\xcbc\xcbc_process.c"><Filter>src\mac\xcbc</Filter></ClCompile>
    <ClCompile Include="..\..\src\mac\xcbc\xcbc_test.c"><Filter>src\mac\xcbc</Filter></ClCompile>
    <ClCompile Include="..\..\src\math\gmp_desc.c"><Filter>src\math</Filter></ClCompile>
    <ClCompile Include="..\..\src\math\ltm_desc.c"><Filter>src\math</Filter></ClCompile>
    <ClCompile Include="..\..\src\math\multi.c"><Filter>src\math</Filter></ClCompile>
    <ClCompile Include="..\..\src\math\radix_to_bin.c"><Filter>src\math</Filter></ClCompile>
    <ClCompile Include="..\..\src\math\rand_bn.c"><Filter>src\math</Filter></ClCompile>
    <ClCompile Include="..\..\src\math\rand_prime.c"><Filter>src\math</Filter></ClCompile>
    <ClCompile Include="..\..\src\math\tfm_desc.c"><Filter>src\math</Filter></ClCompile>
    <ClCompile Include="..\..\src\math\fp\ltc_ecc_fp_mulmod.c"><Filter>src\math\fp</Filter></ClCompile>
    <ClCompile Include="..\..\src\misc\adler32.c"><Filter>src\misc</Filter></ClCompile>
    <ClCompile Include="..\..\src\misc\burn_stack.c"><Filter>src\misc</Filter></ClCompile>
    <ClCompile Include="..\..\src\misc\compare_testvector.c"><Filter>src\misc</Filter></ClCompile>
    <ClCompile Include="..\..\src\misc\copy_or_zeromem.c"><Filter>src\misc</Filter></ClCompile>
    <ClCompile Include="..\..\src\misc\crc32.c"><Filter>src\misc</Filter></ClCompile>
    <ClCompile Include="..\..\src\misc\deprecated.c"><Filter>src\misc</Filter></ClCompile>
    <ClCompile Include="..\..\src\misc\error_to_string.c"><Filter>src\misc</Filter></ClCompile>
    <ClCompile Include="..\..\src\misc\mem_neq.c"><Filter>src\misc</Filter></ClCompile>
    <ClCompile Include="..\..\src\misc\password_free.c"><Filter>src\misc</Filter></ClCompile>
    <ClCompile Include="..\..\src\misc\zeromem.c"><Filter>src\misc</Filter></ClCompile>
    <ClCompile Include="..\..\src\misc\argon2\argon2.c"><Filter>src\misc\argon2</Filter></ClCompile>
    <ClCompile Include="..\..\src\misc\base16\base16_decode.c"><Filter>src\misc\base16</Filter></ClCompile>
    <ClCompile Include="..\..\src\misc\base16\base16_encode.c"><Filter>src\misc\base16</Filter></ClCompile>
    <ClCompile Include="..\..\src\misc\base32\base32_decode.c"><Filter>src\misc\base32</Filter></ClCompile>
    <ClCompile Include="..\..\src\misc\base32\base32_encode.c"><Filter>src\misc\base32</Filter></ClCompile>
    <ClCompile Include="..\..\src\misc\base64\base64_decode.c"><Filter>src\misc\base64</Filter></ClCompile>
    <ClCompile Include="..\..\src\misc\base64\base64_encode.c"><Filter>src\misc\base64</Filter></ClCompile>
    <ClCompile Include="..\..\src\misc\bcrypt\bcrypt.c"><Filter>src\misc\bcrypt</Filter></ClCompile>
    <ClCompile Include="..\..\src\misc\crypt\crypt.c"><Filter>src\misc\crypt</Filter></ClCompile>
    <ClCompile Include="..\..\src\misc\crypt\crypt_argchk.c"><Filter>src\misc\crypt</Filter></ClCompile>
    <ClCompile Include="..\..\src\misc\crypt\crypt_cipher_descriptor.c"><Filter>src\misc\crypt</Filter></ClCompile>
    <ClCompile Include="..\..\src\misc\crypt\crypt_cipher_is_valid.c"><Filter>src\misc\crypt</Filter></ClCompile>
    <ClCompile Include="..\..\src\misc\crypt\crypt_constants.c"><Filter>src\misc\crypt</Filter></ClCompile>
    <ClCompile Include="..\..\src\misc\crypt\crypt_find_cipher.c"><Filter>src\misc\crypt</Filter></ClCompile>
    <ClCompile Include="..\..\src\misc\crypt\crypt_find_cipher_any.c"><Filter>src\misc\crypt</Filter></ClCompile>
    <ClCompile Include="..\..\src\misc\crypt\crypt_find_cipher_id.c"><Filter>src\misc\crypt</Filter></ClCompile>
    <ClCompile Include="..\..\src\misc\crypt\crypt_find_hash.c"><Filter>src\misc\crypt</Filter></ClCompile>
    <ClCompile Include="..\..\src\misc\crypt\crypt_find_hash_any.c"><Filter>src\misc\crypt</Filter></ClCompile>
    <ClCompile Include="..\..\src\misc\crypt\crypt_find_hash_id.c"><Filter>src\misc\crypt</Filter></ClCompile>
    <ClCompile Include="..\..\src\misc\crypt\crypt_find_hash_oid.c"><Filter>src\misc\crypt</Filter></ClCompile>
    <ClCompile Include="..\..\src\misc\crypt\crypt_find_prng.c"><Filter>src\misc\crypt</Filter></ClCompile>
    <ClCompile Include="..\..\src\misc\crypt\crypt_fsa.c"><Filter>src\misc\crypt</Filter></ClCompile>
    <ClCompile Include="..\..\src\misc\crypt\crypt_hash_descriptor.c"><Filter>src\misc\crypt</Filter></ClCompile>
    <ClCompile Include="..\..\src\misc\crypt\crypt_hash_is_valid.c"><Filter>src\misc\crypt</Filter></ClCompile>
    <ClCompile Include="..\..\src\misc\crypt\crypt_inits.c"><Filter>src\misc\crypt</Filter></ClCompile>
    <ClCompile Include="..\..\src\misc\crypt\crypt_ltc_mp_descriptor.c"><Filter>src\misc\crypt</Filter></ClCompile>
    <ClCompile Include="..\..\src\misc\crypt\crypt_prng_descriptor.c"><Filter>src\misc\crypt</Filter></ClCompile>
    <ClCompile Include="..\..\src\misc\crypt\crypt_prng_is_valid.c"><Filter>src\misc\crypt</Filter></ClCompile>
    <ClCompile Include="..\..\src\misc\crypt\crypt_prng_rng_descriptor.c"><Filter>src\misc\crypt</Filter></ClCompile>
    <ClCompile Include="..\..\src\misc\crypt\crypt_register_all_ciphers.c"><Filter>src\misc\crypt</Filter></ClCompile>
    <ClCompile Include="..\..\src\misc\crypt\crypt_register_all_hashes.c"><Filter>src\misc\crypt</Filter></ClCompile>
    <ClCompile Include="..\..\src\misc\crypt\crypt_register_all_prngs.c"><Filter>src\misc\crypt</Filter></ClCompile>
    <ClCompile Include="..\..\src\misc\crypt\crypt_register_cipher.c"><Filter>src\misc\crypt</Filter></ClCompile>
    <ClCompile Include="..\..\src\misc\crypt\crypt_register_hash.c"><Filter>src\misc\crypt</Filter></ClCompile>
    <ClCompile Include="..\..\src\misc\crypt\crypt_register_prng.c"><Filter>src\misc\crypt</Filter></ClCompile>
    <ClCompile Include="..\..\src\misc\crypt\crypt_sizes.c"><Filter>src\misc\crypt</Filter></ClCompile>
    <ClCompile Include="..\..\src\misc\crypt\crypt_unregister_cipher.c"><Filter>src\misc\crypt</Filter></ClCompile>
    <ClCompile Include="..\..\src\misc\crypt\crypt_unregister_hash.c"><Filter>src\misc\crypt</Filter></ClCompile>
    <ClCompile Include="..\..\src\misc\crypt\crypt_unregister_prng.c"><Filter>src\misc\crypt</Filter></ClCompile>
    <ClCompile Include="..\..\src\misc\hkdf\hkdf.c"><Filter>src\misc\hkdf</Filter></ClCompile>
    <ClCompile Include="..\..\src\misc\hkdf\hkdf_test.c"><Filter>src\misc\hkdf</Filter></ClCompile>
    <ClCompile Include="..\..\src\misc\padding\padding_depad.c"><Filter>src\misc\padding</Filter></ClCompile>
    <ClCompile Include="..\..\src\misc\padding\padding_pad.c"><Filter>src\misc\padding</Filter></ClCompile>
    <ClCompile Include="..\..\src\misc\pbes\pbes.c"><Filter>src\misc\pbes</Filter></ClCompile>
    <ClCompile Include="..\..\src\misc\pbes\pbes1.c"><Filter>src\misc\pbes</Filter></ClCompile>
    <ClCompile Include="..\..\src\misc\pbes\pbes2.c"><Filter>src\misc\pbes</Filter></ClCompile>
    <ClCompile Include="..\..\src\misc\pem\pem.c"><Filter>src\misc\pem</Filter></ClCompile>
    <ClCompile Include="..\..\src\misc\pem\pem_pkcs.c"><Filter>src\misc\pem</Filter></ClCompile>
    <ClCompile Include="..\..\src\misc\pem\pem_read.c"><Filter>src\misc\pem</Filter></ClCompile>
    <ClCompile Include="..\..\src\misc\pem\pem_ssh.c"><Filter>src\misc\pem</Filter></ClCompile>
    <ClCompile Include="..\..\src\misc\pkcs12\pkcs12_kdf.c"><Filter>src\misc\pkcs12</Filter></ClCompile>
    <ClCompile Include="..\..\src\misc\pkcs12\pkcs12_utf8_to_utf16.c"><Filter>src\misc\pkcs12</Filter></ClCompile>
    <ClCompile Include="..\..\src\misc\pkcs5\pkcs_5_1.c"><Filter>src\misc\pkcs5</Filter></ClCompile>
    <ClCompile Include="..\..\src\misc\pkcs5\pkcs_5_2.c"><Filter>src\misc\pkcs5</Filter></ClCompile>
    <ClCompile Include="..\..\src\misc\pkcs5\pkcs_5_test.c"><Filter>src\misc\pkcs5</Filter></ClCompile>
    <ClCompile Include="..\..\src\misc\scrypt\scrypt.c"><Filter>src\misc\scrypt</Filter></ClCompile>
    <ClCompile Include="..\..\src\misc\ssh\ssh_decode_sequence_multi.c"><Filter>src\misc\ssh</Filter></ClCompile>
    <ClCompile Include="..\..\src\misc\ssh\ssh_encode_sequence_multi.c"><Filter>src\misc\ssh</Filter></ClCompile>
    <ClCompile Include="..\..\src\modes\cbc\cbc_decrypt.c"><Filter>src\modes\cbc</Filter></ClCompile>
    <ClCompile Include="..\..\src\modes\cbc\cbc_done.c"><Filter>src\modes\cbc</Filter></ClCompile>
    <ClCompile Include="..\..\src\modes\cbc\cbc_encrypt.c"><Filter>src\modes\cbc</Filter></ClCompile>
    <ClCompile Include="..\..\src\modes\cbc\cbc_getiv.c"><Filter>src\modes\cbc</Filter></ClCompile>
    <ClCompile Include="..\..\src\modes\cbc\cbc_setiv.c"><Filter>src\modes\cbc</Filter></ClCompile>
    <ClCompile Include="..\..\src\modes\cbc\cbc_start.c"><Filter>src\modes\cbc</Filter></ClCompile>
    <ClCompile Include="..\..\src\modes\cfb\cfb_decrypt.c"><Filter>src\modes\cfb</Filter></ClCompile>
    <ClCompile Include="..\..\src\modes\cfb\cfb_done.c"><Filter>src\modes\cfb</Filter></ClCompile>
    <ClCompile Include="..\..\src\modes\cfb\cfb_encrypt.c"><Filter>src\modes\cfb</Filter></ClCompile>
    <ClCompile Include="..\..\src\modes\cfb\cfb_getiv.c"><Filter>src\modes\cfb</Filter></ClCompile>
    <ClCompile Include="..\..\src\modes\cfb\cfb_setiv.c"><Filter>src\modes\cfb</Filter></ClCompile>
    <ClCompile Include="..\..\src\modes\cfb\cfb_start.c"><Filter>src\modes\cfb</Filter></ClCompile>
    <ClCompile Include="..\..\src\modes\ctr\ctr_decrypt.c"><Filter>src\modes\ctr</Filter></ClCompile>
    <ClCompile Include="..\..\src\modes\ctr\ctr_done.c"><Filter>src\modes\ctr</Filter></ClCompile>
    <ClCompile Include="..\..\src\modes\ctr\ctr_encrypt.c"><Filter>src\modes\ctr</Filter></ClCompile>
    <ClCompile Include="..\..\src\modes\ctr\ctr_getiv.c"><Filter>src\modes\ctr</Filter></ClCompile>
    <ClCompile Include="..\..\src\modes\ctr\ctr_setiv.c"><Filter>src\modes\ctr</Filter></ClCompile>
    <ClCompile Include="..\..\src\modes\ctr\ctr_start.c"><Filter>src\modes\ctr</Filter></ClCompile>
    <ClCompile Include="..\..\src\modes\ctr\ctr_test.c"><Filter>src\modes\ctr</Filter></ClCompile>
    <ClCompile Include="..\..\src\modes\ecb\ecb_decrypt.c"><Filter>src\modes\ecb</Filter></ClCompile>
    <ClCompile Include="..\..\src\modes\ecb\ecb_done.c"><Filter>src\modes\ecb</Filter></ClCompile>
    <ClCompile Include="..\..\src\modes\ecb\ecb_encrypt.c"><Filter>src\modes\ecb</Filter></ClCompile>
    <ClCompile Include="..\..\src\modes\ecb\ecb_start.c"><Filter>src\modes\ecb</Filter></ClCompile>
    <ClCompile Include="..\..\src\modes\f8\f8_decrypt.c"><Filter>src\modes\f8</Filter></ClCompile>
    <ClCompile Include="..\..\src\modes\f8\f8_done.c"><Filter>src\modes\f8</Filter></ClCompile>
    <ClCompile Include="..\..\src\modes\f8\f8_encrypt.c"><Filter>src\modes\f8</Filter></ClCompile>
    <ClCompile Include="..\..\src\modes\f8\f8_getiv.c"><Filter>src\modes\f8</Filter></ClCompile>
    <ClCompile Include="..\..\src\modes\f8\f8_setiv.c"><Filter>src\modes\f8</Filter></ClCompile>
    <ClCompile Include="..\..\src\modes\f8\f8_start.c"><Filter>src\modes\f8</Filter></ClCompile>
    <ClCompile Include="..\..\src\modes\f8\f8_test_mode.c"><Filter>src\modes\f8</Filter></ClCompile>
    <ClCompile Include="..\..\src\modes\lrw\lrw_decrypt.c"><Filter>src\modes\lrw</Filter></ClCompile>
    <ClCompile Include="..\..\src\modes\lrw\lrw_done.c"><Filter>src\modes\lrw</Filter></ClCompile>
    <ClCompile Include="..\..\src\modes\lrw\lrw_encrypt.c"><Filter>src\modes\lrw</Filter></ClCompile>
    <ClCompile Include="..\..\src\modes\lrw\lrw_getiv.c"><Filter>src\modes\lrw</Filter></ClCompile>
    <ClCompile Include="..\..\src\modes\lrw\lrw_process.c"><Filter>src\modes\lrw</Filter></ClCompile>
    <ClCompile Include="..\..\src\modes\lrw\lrw_setiv.c"><Filter>src\modes\lrw</Filter></ClCompile>
    <ClCompile Include="..\..\src\modes\lrw\lrw_start.c"><Filter>src\modes\lrw</Filter></ClCompile>
    <ClCompile Include="..\..\src\modes\lrw\lrw_test.c"><Filter>src\modes\lrw</Filter></ClCompile>
    <ClCompile Include="..\..\src\modes\ofb\ofb_decrypt.c"><Filter>src\modes\ofb</Filter></ClCompile>
    <ClCompile Include="..\..\src\modes\ofb\ofb_done.c"><Filter>src\modes\ofb</Filter></ClCompile>
    <ClCompile Include="..\..\src\modes\ofb\ofb_encrypt.c"><Filter>src\modes\ofb</Filter></ClCompile>
    <ClCompile Include="..\..\src\modes\ofb\ofb_getiv.c"><Filter>src\modes\ofb</Filter></ClCompile>
    <ClCompile Include="..\..\src\modes\ofb\ofb_setiv.c"><Filter>src\modes\ofb</Filter></ClCompile>
    <ClCompile Include="..\..\src\modes\ofb\ofb_start.c"><Filter>src\modes\ofb</Filter></ClCompile>
    <ClCompile Include="..\..\src\modes\xts\xts_decrypt.c"><Filter>src\modes\xts</Filter></ClCompile>
    <ClCompile Include="..\..\src\modes\xts\xts_done.c"><Filter>src\modes\xts</Filter></ClCompile>
    <ClCompile Include="..\..\src\modes\xts\xts_encrypt.c"><Filter>src\modes\xts</Filter></ClCompile>
    <ClCompile Include="..\..\src\modes\xts\xts_init.c"><Filter>src\modes\xts</Filter></ClCompile>
    <ClCompile Include="..\..\src\modes\xts\xts_mult_x.c"><Filter>src\modes\xts</Filter></ClCompile>
    <ClCompile Include="..\..\src\modes\xts\xts_test.c"><Filter>src\modes\xts</Filter></ClCompile>
    <ClCompile Include="..\..\src\pk\pka_key.c"><Filter>src\pk</Filter></ClCompile>
    <ClCompile Include="..\..\src\pk\asn1\der\bit\der_decode_bit_string.c"><Filter>src\pk\asn1\der\bit</Filter></ClCompile>
    <ClCompile Include="..\..\src\pk\asn1\der\bit\der_decode_raw_bit_string.c"><Filter>src\pk\asn1\der\bit</Filter></ClCompile>
    <ClCompile Include="..\..\src\pk\asn1\der\bit\der_encode_bit_string.c"><Filter>src\pk\asn1\der\bit</Filter></ClCompile>
    <ClCompile Include="..\..\src\pk\asn1\der\bit\der_encode_raw_bit_string.c"><Filter>src\pk\asn1\der\bit</Filter></ClCompile>
    <ClCompile Include="..\..\src\pk\asn1\der\bit\der_length_bit_string.c"><Filter>src\pk\asn1\der\bit</Filter></ClCompile>
    <ClCompile Include="..\..\src\pk\asn1\der\boolean\der_decode_boolean.c"><Filter>src\pk\asn1\der\boolean</Filter></ClCompile>
    <ClCompile Include="..\..\src\pk\asn1\der\boolean\der_encode_boolean.c"><Filter>src\pk\asn1\der\boolean</Filter></ClCompile>
    <ClCompile Include="..\..\src\pk\asn1\der\boolean\der_length_boolean.c"><Filter>src\pk\asn1\der\boolean</Filter></ClCompile>
    <ClCompile Include="..\..\src\pk\asn1\der\choice\der_decode_choice.c"><Filter>src\pk\asn1\der\choice</Filter></ClCompile>
    <ClCompile Include="..\..\src\pk\asn1\der\custom_type\der_decode_custom_type.c"><Filter>src\pk\asn1\der\custom_type</Filter></ClCompile>
    <ClCompile Include="..\..\src\pk\asn1\der\custom_type\der_encode_custom_type.c"><Filter>src\pk\asn1\der\custom_type</Filter></ClCompile>
    <ClCompile Include="..\..\src\pk\asn1\der\custom_type\der_length_custom_type.c"><Filter>src\pk\asn1\der\custom_type</Filter></ClCompile>
    <ClCompile Include="..\..\src\pk\asn1\der\general\der_asn1_maps.c"><Filter>src\pk\asn1\der\general</Filter></ClCompile>
    <ClCompile Include="..\..\src\pk\asn1\der\general\der_decode_asn1_identifier.c"><Filter>src\pk\asn1\der\general</Filter></ClCompile>
    <ClCompile Include="..\..\src\pk\asn1\der\general\der_decode_asn1_length.c"><Filter>src\pk\asn1\der\general</Filter></ClCompile>
    <ClCompile Include="..\..\src\pk\asn1\der\general\der_encode_asn1_identifier.c"><Filter>src\pk\asn1\der\general</Filter></ClCompile>
    <ClCompile Include="..\..\src\pk\asn1\der\general\der_encode_asn1_length.c"><Filter>src\pk\asn1\der\general</Filter></ClCompile>
    <ClCompile Include="..\..\src\pk\asn1\der\general\der_length_asn1_identifier.c"><Filter>src\pk\asn1\der\general</Filter></ClCompile>
    <ClCompile Include="..\..\src\pk\asn1\der\general\der_length_asn1_length.c"><Filter>src\pk\asn1\der\general</Filter></ClCompile>
    <ClCompile Include="..\..\src\pk\asn1\der\generalizedtime\der_decode_generalizedtime.c"><Filter>src\pk\asn1\der\generalizedtime</Filter></ClCompile>
    <ClCompile Include="..\..\src\pk\asn1\der\generalizedtime\der_encode_generalizedtime.c"><Filter>src\pk\asn1\der\generalizedtime</Filter></ClCompile>
    <ClCompile Include="..\..\src\pk\asn1\der\generalizedtime\der_length_generalizedtime.c"><Filter>src\pk\asn1\der\generalizedtime</Filter></ClCompile>
    <ClCompile Include="..\..\src\pk\asn1\der\ia5\der_decode_ia5_string.c"><Filter>src\pk\asn1\der\ia5</Filter></ClCompile>
    <ClCompile Include="..\..\src\pk\asn1\der\ia5\der_encode_ia5_string.c"><Filter>src\pk\asn1\der\ia5</Filter></ClCompile>
    <ClCompile Include="..\..\src\pk\asn1\der\ia5\der_length_ia5_string.c"><Filter>src\pk\asn1\der\ia5</Filter></ClCompile>
    <ClCompile Include="..\..\src\pk\asn1\der\integer\der_decode_integer.c"><Filter>src\pk\asn1\der\integer</Filter></ClCompile>
    <ClCompile Include="..\..\src\pk\asn1\der\integer\der_encode_integer.c"><Filter>src\pk\asn1\der\integer</Filter></ClCompile>
    <ClCompile Include="..\..\src\pk\asn1\der\integer\der_length_integer.c"><Filter>src\pk\asn1\der\integer</Filter></ClCompile>
    <ClCompile Include="..\..\src\pk\asn1\der\object_identifier\der_decode_object_identifier.c"><Filter>src\pk\asn1\der\object_identifier</Filter></ClCompile>
    <ClCompile Include="..\..\src\pk\asn1\der\object_identifier\der_encode_object_identifier.c"><Filter>src\pk\asn1\der\object_identifier</Filter></ClCompile>
    <ClCompile Include="..\..\src\pk\asn1\der\object_identifier\der_length_object_identifier.c"><Filter>src\pk\asn1\der\object_identifier</Filter></ClCompile>
    <ClCompile Include="..\..\src\pk\asn1\der\octet\der_decode_octet_string.c"><Filter>src\pk\asn1\der\octet</Filter></ClCompile>
    <ClCompile Include="..\..\src\pk\asn1\der\octet\der_encode_octet_string.c"><Filter>src\pk\asn1\der\octet</Filter></ClCompile>
    <ClCompile Include="..\..\src\pk\asn1\der\octet\der_length_octet_string.c"><Filter>src\pk\asn1\der\octet</Filter></ClCompile>
    <ClCompile Include="..\..\src\pk\asn1\der\printable_string\der_decode_printable_string.c"><Filter>src\pk\asn1\der\printable_string</Filter></ClCompile>
    <ClCompile Include="..\..\src\pk\asn1\der\printable_string\der_encode_printable_string.c"><Filter>src\pk\asn1\der\printable_string</Filter></ClCompile>
    <ClCompile Include="..\..\src\pk\asn1\der\printable_string\der_length_printable_string.c"><Filter>src\pk\asn1\der\printable_string</Filter></ClCompile>
    <ClCompile Include="..\..\src\pk\asn1\der\sequence\der_decode_sequence_ex.c"><Filter>src\pk\asn1\der\sequence</Filter></ClCompile>
    <ClCompile Include="..\..\src\pk\asn1\der\sequence\der_decode_sequence_flexi.c"><Filter>src\pk\asn1\der\sequence</Filter></ClCompile>
    <ClCompile Include="..\..\src\pk\asn1\der\sequence\der_decode_sequence_multi.c"><Filter>src\pk\asn1\der\sequence</Filter></ClCompile>
    <ClCompile Include="..\..\src\pk\asn1\der\sequence\der_encode_sequence_ex.c"><Filter>src\pk\asn1\der\sequence</Filter></ClCompile>
    <ClCompile Include="..\..\src\pk\asn1\der\sequence\der_encode_sequence_multi.c"><Filter>src\pk\asn1\der\sequence</Filter></ClCompile>
    <ClCompile Include="..\..\src\pk\asn1\der\sequence\der_flexi_sequence_cmp.c"><Filter>src\pk\asn1\der\sequence</Filter></ClCompile>
    <ClCompile Include="..\..\src\pk\asn1\der\sequence\der_length_sequence.c"><Filter>src\pk\asn1\der\sequence</Filter></ClCompile>
    <ClCompile Include="..\..\src\pk\asn1\der\sequence\der_sequence_free.c"><Filter>src\pk\asn1\der\sequence</Filter></ClCompile>
    <ClCompile Include="..\..\src\pk\asn1\der\sequence\der_sequence_shrink.c"><Filter>src\pk\asn1\der\sequence</Filter></ClCompile>
    <ClCompile Include="..\..\src\pk\asn1\der\set\der_encode_set.c"><Filter>src\pk\asn1\der\set</Filter></ClCompile>
    <ClCompile Include="..\..\src\pk\asn1\der\set\der_encode_setof.c"><Filter>src\pk\asn1\der\set</Filter></ClCompile>
    <ClCompile Include="..\..\src\pk\asn1\der\short_integer\der_decode_short_integer.c"><Filter>src\pk\asn1\der\short_integer</Filter></ClCompile>
    <ClCompile Include="..\..\src\pk\asn1\der\short_integer\der_encode_short_integer.c"><Filter>src\pk\asn1\der\short_integer</Filter></ClCompile>
    <ClCompile Include="..\..\src\pk\asn1\der\short_integer\der_length_short_integer.c"><Filter>src\pk\asn1\der\short_integer</Filter></ClCompile>
    <ClCompile Include="..\..\src\pk\asn1\der\teletex_string\der_decode_teletex_string.c"><Filter>src\pk\asn1\der\teletex_string</Filter></ClCompile>
    <ClCompile Include="..\..\src\pk\asn1\der\teletex_string\der_length_teletex_string.c"><Filter>src\pk\asn1\der\teletex_string</Filter></ClCompile>
    <ClCompile Include="..\..\src\pk\asn1\der\utctime\der_decode_utctime.c"><Filter>src\pk\asn1\der\utctime</Filter></ClCompile>
    <ClCompile Include="..\..\src\pk\asn1\der\utctime\der_encode_utctime.c"><Filter>src\pk\asn1\der\utctime</Filter></ClCompile>
    <ClCompile Include="..\..\src\pk\asn1\der\utctime\der_length_utctime.c"><Filter>src\pk\asn1\der\utctime</Filter></ClCompile>
    <ClCompile Include="..\..\src\pk\asn1\der\utf8\der_decode_utf8_string.c"><Filter>src\pk\asn1\der\utf8</Filter></ClCompile>
    <ClCompile Include="..\..\src\pk\asn1\der\utf8\der_encode_utf8_string.c"><Filter>src\pk\asn1\der\utf8</Filter></ClCompile>
    <ClCompile Include="..\..\src\pk\asn1\der\utf8\der_length_utf8_string.c"><Filter>src\pk\asn1\der\utf8</Filter></ClCompile>
    <ClCompile Include="..\..\src\pk\asn1\oid\pk_get.c"><Filter>src\pk\asn1\oid</Filter></ClCompile>
    <ClCompile Include="..\..\src\pk\asn1\oid\pk_oid_cmp.c"><Filter>src\pk\asn1\oid</Filter></ClCompile>
    <ClCompile Include="..\..\src\pk\asn1\oid\pk_oid_str.c"><Filter>src\pk\asn1\oid</Filter></ClCompile>
    <ClCompile Include="..\..\src\pk\asn1\pkcs8\pkcs8_decode_flexi.c"><Filter>src\pk\asn1\pkcs8</Filter></ClCompile>
    <ClCompile Include="..\..\src\pk\asn1\pkcs8\pkcs8_get.c"><Filter>src\pk\asn1\pkcs8</Filter></ClCompile>
    <ClCompile Include="..\..\src\pk\asn1\x509\x509_decode_public_key_from_certificate.c"><Filter>src\pk\asn1\x509</Filter></ClCompile>
    <ClCompile Include="..\..\src\pk\asn1\x509\x509_decode_spki.c"><Filter>src\pk\asn1\x509</Filter></ClCompile>
    <ClCompile Include="..\..\src\pk\asn1\x509\x509_decode_subject_public_key_info.c"><Filter>src\pk\asn1\x509</Filter></ClCompile>
    <ClCompile Include="..\..\src\pk\asn1\x509\x509_encode_subject_public_key_info.c"><Filter>src\pk\asn1\x509</Filter></ClCompile>
    <ClCompile Include="..\..\src\pk\asn1\x509\x509_get_pka.c"><Filter>src\pk\asn1\x509</Filter></ClCompile>
    <ClCompile Include="..\..\src\pk\asn1\x509\x509_import_spki.c"><Filter>src\pk\asn1\x509</Filter></ClCompile>
    <ClCompile Include="..\..\src\pk\dh\dh.c"><Filter>src\pk\dh</Filter></ClCompile>
    <ClCompile Include="..\..\src\pk\dh\dh_check_pubkey.c"><Filter>src\pk\dh</Filter></ClCompile>
    <ClCompile Include="..\..\src\pk\dh\dh_export.c"><Filter>src\pk\dh</Filter></ClCompile>
    <ClCompile Include="..\..\src\pk\dh\dh_export_key.c"><Filter>src\pk\dh</Filter></ClCompile>
    <ClCompile Include="..\..\src\pk\dh\dh_free.c"><Filter>src\pk\dh</Filter></ClCompile>
    <ClCompile Include="..\..\src\pk\dh\dh_generate_key.c"><Filter>src\pk\dh</Filter></ClCompile>
    <ClCompile Include="..\..\src\pk\dh\dh_import.c"><Filter>src\pk\dh</Filter></ClCompile>
    <ClCompile Include="..\..\src\pk\dh\dh_import_pkcs8.c"><Filter>src\pk\dh</Filter></ClCompile>
    <ClCompile Include="..\..\src\pk\dh\dh_set.c"><Filter>src\pk\dh</Filter></ClCompile>
    <ClCompile Include="..\..\src\pk\dh\dh_set_pg_dhparam.c"><Filter>src\pk\dh</Filter></ClCompile>
    <ClCompile Include="..\..\src\pk\dh\dh_shared_secret.c"><Filter>src\pk\dh</Filter></ClCompile>
    <ClCompile Include="..\..\src\pk\dsa\dsa_decrypt_key.c"><Filter>src\pk\dsa</Filter></ClCompile>
    <ClCompile Include="..\..\src\pk\dsa\dsa_encrypt_key.c"><Filter>src\pk\dsa</Filter></ClCompile>
    <ClCompile Include="..\..\src\pk\dsa\dsa_export.c"><Filter>src\pk\dsa</Filter></ClCompile>
    <ClCompile Include="..\..\src\pk\dsa\dsa_free.c"><Filter>src\pk\dsa</Filter></ClCompile>
    <ClCompile Include="..\..\src\pk\dsa\dsa_generate_key.c"><Filter>src\pk\dsa</Filter></ClCompile>
    <ClCompile Include="..\..\src\pk\dsa\dsa_generate_pqg.c"><Filter>src\pk\dsa</Filter></ClCompile>
    <ClCompile Include="..\..\src\pk\dsa\dsa_import.c"><Filter>src\pk\dsa</Filter></ClCompile>
    <ClCompile Include="..\..\src\pk\dsa\dsa_import_pkcs8.c"><Filter>src\pk\dsa</Filter></ClCompile>
    <ClCompile Include="..\..\src\pk\dsa\dsa_init.c"><Filter>src\pk\dsa</Filter></ClCompile>
    <ClCompile Include="..\..\src\pk\dsa\dsa_make_key.c"><Filter>src\pk\dsa</Filter></ClCompile>
    <ClCompile Include="..\..\src\pk\dsa\dsa_set.c"><Filter>src\pk\dsa</Filter></ClCompile>
    <ClCompile Include="..\..\src\pk\dsa\dsa_set_pqg_dsaparam.c"><Filter>src\pk\dsa</Filter></ClCompile>
    <ClCompile Include="..\..\src\pk\dsa\dsa_shared_secret.c"><Filter>src\pk\dsa</Filter></ClCompile>
    <ClCompile Include="..\..\src\pk\dsa\dsa_sign_hash.c"><Filter>src\pk\dsa</Filter></ClCompile>
    <ClCompile Include="..\..\src\pk\dsa\dsa_verify_hash.c"><Filter>src\pk\dsa</Filter></ClCompile>
    <ClCompile Include="..\..\src\pk\dsa\dsa_verify_key.c"><Filter>src\pk\dsa</Filter></ClCompile>
    <ClCompile Include="..\..\src\pk\ec25519\ec25519_crypto_ctx.c"><Filter>src\pk\ec25519</Filter></ClCompile>
    <ClCompile Include="..\..\src\pk\ec25519\ec25519_export.c"><Filter>src\pk\ec25519</Filter></ClCompile>
    <ClCompile Include="..\..\src\pk\ec25519\ec25519_import_pkcs8.c"><Filter>src\pk\ec25519</Filter></ClCompile>
    <ClCompile Include="..\..\src\pk\ec25519\tweetnacl.c"><Filter>src\pk\ec25519</Filter></ClCompile>
    <ClCompile Include="..\..\src\pk\ecc\ecc.c"><Filter>src\pk\ecc</Filter></ClCompile>
    <ClCompile Include="..\..\src\pk\ecc\ecc_ansi_x963_export.c"><Filter>src\pk\ecc</Filter></ClCompile>
    <ClCompile Include="..\..\src\pk\ecc\ecc_ansi_x963_import.c"><Filter>src\pk\ecc</Filter></ClCompile>
    <ClCompile Include="..\..\src\pk\ecc\ecc_decrypt_key.c"><Filter>src\pk\ecc</Filter></ClCompile>
    <ClCompile Include="..\..\src\pk\ecc\ecc_encrypt_key.c"><Filter>src\pk\ecc</Filter></ClCompile>
    <ClCompile Include="..\..\src\pk\ecc\ecc_export.c"><Filter>src\pk\ecc</Filter></ClCompile>
    <ClCompile Include="..\..\src\pk\ecc\ecc_export_openssl.c"><Filter>src\pk\ecc</Filter></ClCompile>
    <ClCompile Include="..\..\src\pk\ecc\ecc_find_curve.c"><Filter>src\pk\ecc</Filter></ClCompile>
    <ClCompile Include="..\..\src\pk\ecc\ecc_free.c"><Filter>src\pk\ecc</Filter></ClCompile>
    <ClCompile Include="..\..\src\pk\ecc\ecc_get_key.c"><Filter>src\pk\ecc</Filter></ClCompile>
    <ClCompile Include="..\..\src\pk\ecc\ecc_get_oid_str.c"><Filter>src\pk\ecc</Filter></ClCompile>
    <ClCompile Include="..\..\src\pk\ecc\ecc_get_size.c"><Filter>src\pk\ecc</Filter></ClCompile>
    <ClCompile Include="..\..\src\pk\ecc\ecc_import.c"><Filter>src\pk\ecc</Filter></ClCompile>
    <ClCompile Include="..\..\src\pk\ecc\ecc_import_openssl.c"><Filter>src\pk\ecc</Filter></ClCompile>
    <ClCompile Include="..\..\src\pk\ecc\ecc_import_pkcs8.c"><Filter>src\pk\ecc</Filter></ClCompile>
    <ClCompile Include="..\..\src\pk\ecc\ecc_import_x509.c"><Filter>src\pk\ecc</Filter></ClCompile>
    <ClCompile Include="..\..\src\pk\ecc\ecc_make_key.c"><Filter>src\pk\ecc</Filter></ClCompile>
    <ClCompile Include="..\..\src\pk\ecc\ecc_recover_key.c"><Filter>src\pk\ecc</Filter></ClCompile>
    <ClCompile Include="..\..\src\pk\ecc\ecc_rfc6979_key.c"><Filter>src\pk\ecc</Filter></ClCompile>
    <ClCompile Include="..\..\src\pk\ecc\ecc_set_curve.c"><Filter>src\pk\ecc</Filter></ClCompile>
    <ClCompile Include="..\..\src\pk\ecc\ecc_set_curve_internal.c"><Filter>src\pk\ecc</Filter></ClCompile>
    <ClCompile Include="..\..\src\pk\ecc\ecc_set_key.c"><Filter>src\pk\ecc</Filter></ClCompile>
    <ClCompile Include="..\..\src\pk\ecc\ecc_shared_secret.c"><Filter>src\pk\ecc</Filter></ClCompile>
    <ClCompile Include="..\..\src\pk\ecc\ecc_sign_hash.c"><Filter>src\pk\ecc</Filter></ClCompile>
    <ClCompile Include="..\..\src\pk\ecc\ecc_sign_hash_eth27.c"><Filter>src\pk\ecc</Filter></ClCompile>
    <ClCompile Include="..\..\src\pk\ecc\ecc_sign_hash_internal.c"><Filter>src\pk\ecc</Filter></ClCompile>
    <ClCompile Include="..\..\src\pk\ecc\ecc_sign_hash_rfc5656.c"><Filter>src\pk\ecc</Filter></ClCompile>
    <ClCompile Include="..\..\src\pk\ecc\ecc_sign_hash_rfc7518.c"><Filter>src\pk\ecc</Filter></ClCompile>
    <ClCompile Include="..\..\src\pk\ecc\ecc_sign_hash_x962.c"><Filter>src\pk\ecc</Filter></ClCompile>
    <ClCompile Include="..\..\src\pk\ecc\ecc_sizes.c"><Filter>src\pk\ecc</Filter></ClCompile>
    <ClCompile Include="..\..\src\pk\ecc\ecc_ssh_ecdsa_encode_name.c"><Filter>src\pk\ecc</Filter></ClCompile>
    <ClCompile Include="..\..\src\pk\ecc\ecc_verify_hash.c"><Filter>src\pk\ecc</Filter></ClCompile>
    <ClCompile Include="..\..\src\pk\ecc\ecc_verify_hash_eth27.c"><Filter>src\pk\ecc</Filter></ClCompile>
    <ClCompile Include="..\..\src\pk\ecc\ecc_verify_hash_internal.c"><Filter>src\pk\ecc</Filter></ClCompile>
    <ClCompile Include="..\..\src\pk\ecc\ecc_verify_hash_rfc5656.c"><Filter>src\pk\ecc</Filter></ClCompile>
    <ClCompile Include="..\..\src\pk\ecc\ecc_verify_hash_rfc7518.c"><Filter>src\pk\ecc</Filter></ClCompile>
    <ClCompile Include="..\..\src\pk\ecc\ecc_verify_hash_x962.c"><Filter>src\pk\ecc</Filter></ClCompile>
    <ClCompile Include="..\..\src\pk\ecc\ltc_ecc_export_point.c"><Filter>src\pk\ecc</Filter></ClCompile>
    <ClCompile Include="..\..\src\pk\ecc\ltc_ecc_import_point.c"><Filter>src\pk\ecc</Filter></ClCompile>
    <ClCompile Include="..\..\src\pk\ecc\ltc_ecc_is_point.c"><Filter>src\pk\ecc</Filter></ClCompile>
    <ClCompile Include="..\..\src\pk\ecc\ltc_ecc_is_point_at_infinity.c"><Filter>src\pk\ecc</Filter></ClCompile>
    <ClCompile Include="..\..\src\pk\ecc\ltc_ecc_map.c"><Filter>src\pk\ecc</Filter></ClCompile>
    <ClCompile Include="..\..\src\pk\ecc\ltc_ecc_mul2add.c"><Filter>src\pk\ecc</Filter></ClCompile>
    <ClCompile Include="..\..\src\pk\ecc\ltc_ecc_mulmod.c"><Filter>src\pk\ecc</Filter></ClCompile>
    <ClCompile Include="..\..\src\pk\ecc\ltc_ecc_mulmod_timing.c"><Filter>src\pk\ecc</Filter></ClCompile>
    <ClCompile Include="..\..\src\pk\ecc\ltc_ecc_points.c"><Filter>src\pk\ecc</Filter></ClCompile>
    <ClCompile Include="..\..\src\pk\ecc\ltc_ecc_projective_add_point.c"><Filter>src\pk\ecc</Filter></ClCompile>
    <ClCompile Include="..\..\src\pk\ecc\ltc_ecc_projective_dbl_point.c"><Filter>src\pk\ecc</Filter></ClCompile>
    <ClCompile Include="..\..\src\pk\ecc\ltc_ecc_verify_key.c"><Filter>src\pk\ecc</Filter></ClCompile>
    <ClCompile Include="..\..\src\pk\ed25519\ed25519_export.c"><Filter>src\pk\ed25519</Filter></ClCompile>
    <ClCompile Include="..\..\src\pk\ed25519\ed25519_import.c"><Filter>src\pk\ed25519</Filter></ClCompile>
    <ClCompile Include="..\..\src\pk\ed25519\ed25519_import_pkcs8.c"><Filter>src\pk\ed25519</Filter></ClCompile>
    <ClCompile Include="..\..\src\pk\ed25519\ed25519_import_raw.c"><Filter>src\pk\ed25519</Filter></ClCompile>
    <ClCompile Include="..\..\src\pk\ed25519\ed25519_import_x509.c"><Filter>src\pk\ed25519</Filter></ClCompile>
    <ClCompile Include="..\..\src\pk\ed25519\ed25519_make_key.c"><Filter>src\pk\ed25519</Filter></ClCompile>
    <ClCompile Include="..\..\src\pk\ed25519\ed25519_sign.c"><Filter>src\pk\ed25519</Filter></ClCompile>
    <ClCompile Include="..\..\src\pk\ed25519\ed25519_verify.c"><Filter>src\pk\ed25519</Filter></ClCompile>
    <ClCompile Include="..\..\src\pk\pkcs1\pkcs_1_i2osp.c"><Filter>src\pk\pkcs1</Filter></ClCompile>
    <ClCompile Include="..\..\src\pk\pkcs1\pkcs_1_mgf1.c"><Filter>src\pk\pkcs1</Filter></ClCompile>
    <ClCompile Include="..\..\src\pk\pkcs1\pkcs_1_oaep_decode.c"><Filter>src\pk\pkcs1</Filter></ClCompile>
    <ClCompile Include="..\..\src\pk\pkcs1\pkcs_1_oaep_encode.c"><Filter>src\pk\pkcs1</Filter></ClCompile>
    <ClCompile Include="..\..\src\pk\pkcs1\pkcs_1_os2ip.c"><Filter>src\pk\pkcs1</Filter></ClCompile>
    <ClCompile Include="..\..\src\pk\pkcs1\pkcs_1_pss_decode.c"><Filter>src\pk\pkcs1</Filter></ClCompile>
    <ClCompile Include="..\..\src\pk\pkcs1\pkcs_1_pss_encode.c"><Filter>src\pk\pkcs1</Filter></ClCompile>
    <ClCompile Include="..\..\src\pk\pkcs1\pkcs_1_v1_5_decode.c"><Filter>src\pk\pkcs1</Filter></ClCompile>
    <ClCompile Include="..\..\src\pk\pkcs1\pkcs_1_v1_5_encode.c"><Filter>src\pk\pkcs1</Filter></ClCompile>
    <ClCompile Include="..\..\src\pk\rsa\rsa_decrypt_key.c"><Filter>src\pk\rsa</Filter></ClCompile>
    <ClCompile Include="..\..\src\pk\rsa\rsa_encrypt_key.c"><Filter>src\pk\rsa</Filter></ClCompile>
    <ClCompile Include="..\..\src\pk\rsa\rsa_export.c"><Filter>src\pk\rsa</Filter></ClCompile>
    <ClCompile Include="..\..\src\pk\rsa\rsa_exptmod.c"><Filter>src\pk\rsa</Filter></ClCompile>
    <ClCompile Include="..\..\src\pk\rsa\rsa_get_size.c"><Filter>src\pk\rsa</Filter></ClCompile>
    <ClCompile Include="..\..\src\pk\rsa\rsa_import.c"><Filter>src\pk\rsa</Filter></ClCompile>
    <ClCompile Include="..\..\src\pk\rsa\rsa_import_pkcs8.c"><Filter>src\pk\rsa</Filter></ClCompile>
    <ClCompile Include="..\..\src\pk\rsa\rsa_import_x509.c"><Filter>src\pk\rsa</Filter></ClCompile>
    <ClCompile Include="..\..\src\pk\rsa\rsa_key.c"><Filter>src\pk\rsa</Filter></ClCompile>
    <ClCompile Include="..\..\src\pk\rsa\rsa_make_key.c"><Filter>src\pk\rsa</Filter></ClCompile>
    <ClCompile Include="..\..\src\pk\rsa\rsa_set.c"><Filter>src\pk\rsa</Filter></ClCompile>
    <ClCompile Include="..\..\src\pk\rsa\rsa_sign_hash.c"><Filter>src\pk\rsa</Filter></ClCompile>
    <ClCompile Include="..\..\src\pk\rsa\rsa_sign_saltlen_get.c"><Filter>src\pk\rsa</Filter></ClCompile>
    <ClCompile Include="..\..\src\pk\rsa\rsa_verify_hash.c"><Filter>src\pk\rsa</Filter></ClCompile>
    <ClCompile Include="..\..\src\pk\x25519\x25519_export.c"><Filter>src\pk\x25519</Filter></ClCompile>
    <ClCompile Include="..\..\src\pk\x25519\x25519_import.c"><Filter>src\pk\x25519</Filter></ClCompile>
    <ClCompile Include="..\..\src\pk\x25519\x25519_import_pkcs8.c"><Filter>src\pk\x25519</Filter></ClCompile>
    <ClCompile Include="..\..\src\pk\x25519\x25519_import_raw.c"><Filter>src\pk\x25519</Filter></ClCompile>
    <ClCompile Include="..\..\src\pk\x25519\x25519_import_x509.c"><Filter>src\pk\x25519</Filter></ClCompile>
    <ClCompile Include="..\..\src\pk\x25519\x25519_make_key.c"><Filter>src\pk\x25519</Filter></ClCompile>
    <ClCompile Include="..\..\src\pk\x25519\x25519_shared_secret.c"><Filter>src\pk\x25519</Filter></ClCompile>
    <ClCompile Include="..\..\src\prngs\chacha20.c"><Filter>src\prngs</Filter></ClCompile>
    <ClCompile Include="..\..\src\prngs\fortuna.c"><Filter>src\prngs</Filter></ClCompile>
    <ClCompile Include="..\..\src\prngs\rc4.c"><Filter>src\prngs</Filter></ClCompile>
    <ClCompile Include="..\..\src\prngs\rng_get_bytes.c"><Filter>src\prngs</Filter></ClCompile>
    <ClCompile Include="..\..\src\prngs\rng_make_prng.c"><Filter>src\prngs</Filter></ClCompile>
    <ClCompile Include="..\..\src\prngs\sober128.c"><Filter>src\prngs</Filter></ClCompile>
    <ClCompile Include="..\..\src\prngs\sprng.c"><Filter>src\prngs</Filter></ClCompile>
    <ClCompile Include="..\..\src\prngs\yarrow.c"><Filter>src\prngs</Filter></ClCompile>
    <ClCompile Include="..\..\src\stream\chacha\chacha_crypt.c"><Filter>src\stream\chacha</Filter></ClCompile>
    <ClCompile Include="..\..\src\stream\chacha\chacha_done.c"><Filter>src\stream\chacha</Filter></ClCompile>
    <ClCompile Include="..\..\src\stream\chacha\chacha_ivctr32.c"><Filter>src\stream\chacha</Filter></ClCompile>
    <ClCompile Include="..\..\src\stream\chacha\chacha_ivctr64.c"><Filter>src\stream\chacha</Filter></ClCompile>
    <ClCompile Include="..\..\src\stream\chacha\chacha_keystream.c"><Filter>src\stream\chacha</Filter></ClCompile>
    <ClCompile Include="..\..\src\stream\chacha\chacha_memory.c"><Filter>src\stream\chacha</Filter></ClCompile>
    <ClCompile Include="..\..\src\stream\chacha\chacha_setup.c"><Filter>src\stream\chacha</Filter></ClCompile>
    <ClCompile Include="..\..\src\stream\chacha\chacha_test.c"><Filter>src\stream\chacha</Filter></ClCompile>
    <ClCompile Include="..\..\src\stream\rabbit\rabbit.c"><Filter>src\stream\rabbit</Filter></ClCompile>
    <ClCompile Include="..\..\src\stream\rabbit\rabbit_memory.c"><Filter>src\stream\rabbit</Filter></ClCompile>
    <ClCompile Include="..\..\src\stream\rc4\rc4_stream.c"><Filter>src\stream\rc4</Filter></ClCompile>
    <ClCompile Include="..\..\src\stream\rc4\rc4_stream_memory.c"><Filter>src\stream\rc4</Filter></ClCompile>
    <ClCompile Include="..\..\src\stream\rc4\rc4_test.c"><Filter>src\stream\rc4</Filter></ClCompile>
    <ClCompile Include="..\..\src\stream\salsa20\salsa20_crypt.c"><Filter>src\stream\salsa20</Filter></ClCompile>
    <ClCompile Include="..\..\src\stream\salsa20\salsa20_done.c"><Filter>src\stream\salsa20</Filter></ClCompile>
    <ClCompile Include="..\..\src\stream\salsa20\salsa20_ivctr64.c"><Filter>src\stream\salsa20</Filter></ClCompile>
    <ClCompile Include="..\..\src\stream\salsa20\salsa20_keystream.c"><Filter>src\stream\salsa20</Filter></ClCompile>
    <ClCompile Include="..\..\src\stream\salsa20\salsa20_memory.c"><Filter>src\stream\salsa20</Filter></ClCompile>
    <ClCompile Include="..\..\src\stream\salsa20\salsa20_setup.c"><Filter>src\stream\salsa20</Filter></ClCompile>
    <ClCompile Include="..\..\src\stream\salsa20\salsa20_test.c"><Filter>src\stream\salsa20</Filter></ClCompile>
    <ClCompile Include="..\..\src\stream\salsa20\xsalsa20_memory.c"><Filter>src\stream\salsa20</Filter></ClCompile>
    <ClCompile Include="..\..\src\stream\salsa20\xsalsa20_setup.c"><Filter>src\stream\salsa20</Filter></ClCompile>
    <ClCompile Include="..\..\src\stream\salsa20\xsalsa20_test.c"><Filter>src\stream\salsa20</Filter></ClCompile>
    <ClCompile Include="..\..\src\stream\sober128\sober128_stream.c"><Filter>src\stream\sober128</Filter></ClCompile>
    <ClCompile Include="..\..\src\stream\sober128\sober128_stream_memory.c"><Filter>src\stream\sober128</Filter></ClCompile>
    <ClCompile Include="..\..\src\stream\sober128\sober128_test.c"><Filter>src\stream\sober128</Filter></ClCompile>
    <ClCompile Include="..\..\src\stream\sober128\sober128tab.c"><Filter>src\stream\sober128</Filter></ClCompile>
    <ClCompile Include="..\..\src\stream\sosemanuk\sosemanuk.c"><Filter>src\stream\sosemanuk</Filter></ClCompile>
    <ClCompile Include="..\..\src\stream\sosemanuk\sosemanuk_memory.c"><Filter>src\stream\sosemanuk</Filter></ClCompile>
    <ClCompile Include="..\..\src\stream\sosemanuk\sosemanuk_test.c"><Filter>src\stream\sosemanuk</Filter></ClCompile>
  </ItemGroup>
</Project>