<Solution>
  <Configurations>
    <BuildType Name="MSVC-Debug" />
    <BuildType Name="MSVC-Release" />
    <Platform Name="x64" />
    <Platform Name="x86" />
  </Configurations>
  <Project Path="libtomcrypt/libtomcrypt.vcxproj" Id="1f0f3bef-5d48-4830-9a61-19eec30f3e0e" />
  <Project Path="test/test.vcxproj" Id="80b78b0f-8a80-4850-b8f8-06b4a1e4b5c1" DefaultStartup="true">
    <BuildDependency Project="libtomcrypt/libtomcrypt.vcxproj" />
  </Project>
</Solution>
